// !$*UTF8*$!
{
	archiveVersion = 1;
	classes = {
	};
	objectVersion = 77;
	objects = {

/* Begin PBXBuildFile section */
		D7D531582D221F9200C2C0DB /* SQLite in Frameworks */ = {isa = PBXBuildFile; productRef = D7D531572D221F9200C2C0DB /* SQLite */; };
		D7D531EC2D29B24300C2C0DB /* Markdown in Frameworks */ = {isa = PBXBuildFile; productRef = D7D531EB2D29B24300C2C0DB /* Markdown */; };
/* End PBXBuildFile section */

/* Begin PBXContainerItemProxy section */
		D708F7402D17295F009248DD /* PBXContainerItemProxy */ = {
			isa = PBXContainerItemProxy;
			containerPortal = D708F7262D17295C009248DD /* Project object */;
			proxyType = 1;
			remoteGlobalIDString = D708F72D2D17295C009248DD;
			remoteInfo = Yogurt;
		};
		D708F74A2D17295F009248DD /* PBXContainerItemProxy */ = {
			isa = PBXContainerItemProxy;
			containerPortal = D708F7262D17295C009248DD /* Project object */;
			proxyType = 1;
			remoteGlobalIDString = D708F72D2D17295C009248DD;
			remoteInfo = Yogurt;
		};
/* End PBXContainerItemProxy section */

/* Begin PBXFileReference section */
		D708F72E2D17295C009248DD /* Yogurt.app */ = {isa = PBXFileReference; explicitFileType = wrapper.application; includeInIndex = 0; path = Yogurt.app; sourceTree = BUILT_PRODUCTS_DIR; };
		D708F73F2D17295F009248DD /* YogurtTests.xctest */ = {isa = PBXFileReference; explicitFileType = wrapper.cfbundle; includeInIndex = 0; path = YogurtTests.xctest; sourceTree = BUILT_PRODUCTS_DIR; };
		D708F7492D17295F009248DD /* YogurtUITests.xctest */ = {isa = PBXFileReference; explicitFileType = wrapper.cfbundle; includeInIndex = 0; path = YogurtUITests.xctest; sourceTree = BUILT_PRODUCTS_DIR; };
/* End PBXFileReference section */

/* Begin PBXFileSystemSynchronizedBuildFileExceptionSet section */
		D7D531392D1F5BCB00C2C0DB /* Exceptions for "Yogurt" folder in "Yogurt" target */ = {
			isa = PBXFileSystemSynchronizedBuildFileExceptionSet;
			membershipExceptions = (
				Info.plist,
			);
			target = D708F72D2D17295C009248DD /* Yogurt */;
		};
/* End PBXFileSystemSynchronizedBuildFileExceptionSet section */

/* Begin PBXFileSystemSynchronizedRootGroup section */
		D708F7302D17295C009248DD /* Yogurt */ = {
			isa = PBXFileSystemSynchronizedRootGroup;
			exceptions = (
				D7D531392D1F5BCB00C2C0DB /* Exceptions for "Yogurt" folder in "Yogurt" target */,
			);
			path = Yogurt;
			sourceTree = "<group>";
		};
		D708F7422D17295F009248DD /* YogurtTests */ = {
			isa = PBXFileSystemSynchronizedRootGroup;
			path = YogurtTests;
			sourceTree = "<group>";
		};
		D708F74C2D17295F009248DD /* YogurtUITests */ = {
			isa = PBXFileSystemSynchronizedRootGroup;
			path = YogurtUITests;
			sourceTree = "<group>";
		};
/* End PBXFileSystemSynchronizedRootGroup section */

/* Begin PBXFrameworksBuildPhase section */
		D708F72B2D17295C009248DD /* Frameworks */ = {
			isa = PBXFrameworksBuildPhase;
			buildActionMask = 2147483647;
			files = (
				D7D531582D221F9200C2C0DB /* SQLite in Frameworks */,
				D7D531EC2D29B24300C2C0DB /* Markdown in Frameworks */,
			);
			runOnlyForDeploymentPostprocessing = 0;
		};
		D708F73C2D17295F009248DD /* Frameworks */ = {
			isa = PBXFrameworksBuildPhase;
			buildActionMask = 2147483647;
			files = (
			);
			runOnlyForDeploymentPostprocessing = 0;
		};
		D708F7462D17295F009248DD /* Frameworks */ = {
			isa = PBXFrameworksBuildPhase;
			buildActionMask = 2147483647;
			files = (
			);
			runOnlyForDeploymentPostprocessing = 0;
		};
/* End PBXFrameworksBuildPhase section */

/* Begin PBXGroup section */
		D708F7252D17295C009248DD = {
			isa = PBXGroup;
			children = (
				D708F7302D17295C009248DD /* Yogurt */,
				D708F7422D17295F009248DD /* YogurtTests */,
				D708F74C2D17295F009248DD /* YogurtUITests */,
				D7D531552D221F6B00C2C0DB /* Frameworks */,
				D708F72F2D17295C009248DD /* Products */,
			);
			sourceTree = "<group>";
		};
		D708F72F2D17295C009248DD /* Products */ = {
			isa = PBXGroup;
			children = (
				D708F72E2D17295C009248DD /* Yogurt.app */,
				D708F73F2D17295F009248DD /* YogurtTests.xctest */,
				D708F7492D17295F009248DD /* YogurtUITests.xctest */,
			);
			name = Products;
			sourceTree = "<group>";
		};
		D7D531552D221F6B00C2C0DB /* Frameworks */ = {
			isa = PBXGroup;
			children = (
			);
			name = Frameworks;
			sourceTree = "<group>";
		};
/* End PBXGroup section */

/* Begin PBXNativeTarget section */
		D708F72D2D17295C009248DD /* Yogurt */ = {
			isa = PBXNativeTarget;
			buildConfigurationList = D708F7532D17295F009248DD /* Build configuration list for PBXNativeTarget "Yogurt" */;
			buildPhases = (
				D708F72A2D17295C009248DD /* Sources */,
				D708F72B2D17295C009248DD /* Frameworks */,
				D708F72C2D17295C009248DD /* Resources */,
			);
			buildRules = (
			);
			dependencies = (
			);
			fileSystemSynchronizedGroups = (
				D708F7302D17295C009248DD /* Yogurt */,
			);
			name = Yogurt;
			packageProductDependencies = (
				D7D531572D221F9200C2C0DB /* SQLite */,
				D7D531EB2D29B24300C2C0DB /* Markdown */,
			);
			productName = Yogurt;
			productReference = D708F72E2D17295C009248DD /* Yogurt.app */;
			productType = "com.apple.product-type.application";
		};
		D708F73E2D17295F009248DD /* YogurtTests */ = {
			isa = PBXNativeTarget;
			buildConfigurationList = D708F7562D17295F009248DD /* Build configuration list for PBXNativeTarget "YogurtTests" */;
			buildPhases = (
				D708F73B2D17295F009248DD /* Sources */,
				D708F73C2D17295F009248DD /* Frameworks */,
				D708F73D2D17295F009248DD /* Resources */,
			);
			buildRules = (
			);
			dependencies = (
				D708F7412D17295F009248DD /* PBXTargetDependency */,
			);
			fileSystemSynchronizedGroups = (
				D708F7422D17295F009248DD /* YogurtTests */,
			);
			name = YogurtTests;
			packageProductDependencies = (
			);
			productName = YogurtTests;
			productReference = D708F73F2D17295F009248DD /* YogurtTests.xctest */;
			productType = "com.apple.product-type.bundle.unit-test";
		};
		D708F7482D17295F009248DD /* YogurtUITests */ = {
			isa = PBXNativeTarget;
			buildConfigurationList = D708F7592D17295F009248DD /* Build configuration list for PBXNativeTarget "YogurtUITests" */;
			buildPhases = (
				D708F7452D17295F009248DD /* Sources */,
				D708F7462D17295F009248DD /* Frameworks */,
				D708F7472D17295F009248DD /* Resources */,
			);
			buildRules = (
			);
			dependencies = (
				D708F74B2D17295F009248DD /* PBXTargetDependency */,
			);
			fileSystemSynchronizedGroups = (
				D708F74C2D17295F009248DD /* YogurtUITests */,
			);
			name = YogurtUITests;
			packageProductDependencies = (
			);
			productName = YogurtUITests;
			productReference = D708F7492D17295F009248DD /* YogurtUITests.xctest */;
			productType = "com.apple.product-type.bundle.ui-testing";
		};
/* End PBXNativeTarget section */

/* Begin PBXProject section */
		D708F7262D17295C009248DD /* Project object */ = {
			isa = PBXProject;
			attributes = {
				BuildIndependentTargetsInParallel = 1;
				LastSwiftUpdateCheck = 1620;
				LastUpgradeCheck = 1620;
				TargetAttributes = {
					D708F72D2D17295C009248DD = {
						CreatedOnToolsVersion = 16.2;
					};
					D708F73E2D17295F009248DD = {
						CreatedOnToolsVersion = 16.2;
						TestTargetID = D708F72D2D17295C009248DD;
					};
					D708F7482D17295F009248DD = {
						CreatedOnToolsVersion = 16.2;
						TestTargetID = D708F72D2D17295C009248DD;
					};
				};
			};
			buildConfigurationList = D708F7292D17295C009248DD /* Build configuration list for PBXProject "Yogurt" */;
			developmentRegion = en;
			hasScannedForEncodings = 0;
			knownRegions = (
				en,
				Base,
			);
			mainGroup = D708F7252D17295C009248DD;
			minimizedProjectReferenceProxies = 1;
			packageReferences = (
				D7D531562D221F9200C2C0DB /* XCRemoteSwiftPackageReference "SQLite.swift" */,
				D7D531EA2D29B24300C2C0DB /* XCRemoteSwiftPackageReference "swift-markdown" */,
			);
			preferredProjectObjectVersion = 77;
			productRefGroup = D708F72F2D17295C009248DD /* Products */;
			projectDirPath = "";
			projectRoot = "";
			targets = (
				D708F72D2D17295C009248DD /* Yogurt */,
				D708F73E2D17295F009248DD /* YogurtTests */,
				D708F7482D17295F009248DD /* YogurtUITests */,
			);
		};
/* End PBXProject section */

/* Begin PBXResourcesBuildPhase section */
		D708F72C2D17295C009248DD /* Resources */ = {
			isa = PBXResourcesBuildPhase;
			buildActionMask = 2147483647;
			files = (
			);
			runOnlyForDeploymentPostprocessing = 0;
		};
		D708F73D2D17295F009248DD /* Resources */ = {
			isa = PBXResourcesBuildPhase;
			buildActionMask = 2147483647;
			files = (
			);
			runOnlyForDeploymentPostprocessing = 0;
		};
		D708F7472D17295F009248DD /* Resources */ = {
			isa = PBXResourcesBuildPhase;
			buildActionMask = 2147483647;
			files = (
			);
			runOnlyForDeploymentPostprocessing = 0;
		};
/* End PBXResourcesBuildPhase section */

/* Begin PBXSourcesBuildPhase section */
		D708F72A2D17295C009248DD /* Sources */ = {
			isa = PBXSourcesBuildPhase;
			buildActionMask = 2147483647;
			files = (
			);
			runOnlyForDeploymentPostprocessing = 0;
		};
		D708F73B2D17295F009248DD /* Sources */ = {
			isa = PBXSourcesBuildPhase;
			buildActionMask = 2147483647;
			files = (
			);
			runOnlyForDeploymentPostprocessing = 0;
		};
		D708F7452D17295F009248DD /* Sources */ = {
			isa = PBXSourcesBuildPhase;
			buildActionMask = 2147483647;
			files = (
			);
			runOnlyForDeploymentPostprocessing = 0;
		};
/* End PBXSourcesBuildPhase section */

/* Begin PBXTargetDependency section */
		D708F7412D17295F009248DD /* PBXTargetDependency */ = {
			isa = PBXTargetDependency;
			target = D708F72D2D17295C009248DD /* Yogurt */;
			targetProxy = D708F7402D17295F009248DD /* PBXContainerItemProxy */;
		};
		D708F74B2D17295F009248DD /* PBXTargetDependency */ = {
			isa = PBXTargetDependency;
			target = D708F72D2D17295C009248DD /* Yogurt */;
			targetProxy = D708F74A2D17295F009248DD /* PBXContainerItemProxy */;
		};
/* End PBXTargetDependency section */

/* Begin XCBuildConfiguration section */
		D708F7512D17295F009248DD /* Debug */ = {
			isa = XCBuildConfiguration;
			buildSettings = {
				ALWAYS_SEARCH_USER_PATHS = NO;
				ASSETCATALOG_COMPILER_GENERATE_SWIFT_ASSET_SYMBOL_EXTENSIONS = YES;
				CLANG_ANALYZER_NONNULL = YES;
				CLANG_ANALYZER_NUMBER_OBJECT_CONVERSION = YES_AGGRESSIVE;
				CLANG_CXX_LANGUAGE_STANDARD = "gnu++20";
				CLANG_ENABLE_MODULES = YES;
				CLANG_ENABLE_OBJC_ARC = YES;
				CLANG_ENABLE_OBJC_WEAK = YES;
				CLANG_WARN_BLOCK_CAPTURE_AUTORELEASING = YES;
				CLANG_WARN_BOOL_CONVERSION = YES;
				CLANG_WARN_COMMA = YES;
				CLANG_WARN_CONSTANT_CONVERSION = YES;
				CLANG_WARN_DEPRECATED_OBJC_IMPLEMENTATIONS = YES;
				CLANG_WARN_DIRECT_OBJC_ISA_USAGE = YES_ERROR;
				CLANG_WARN_DOCUMENTATION_COMMENTS = YES;
				CLANG_WARN_EMPTY_BODY = YES;
				CLANG_WARN_ENUM_CONVERSION = YES;
				CLANG_WARN_INFINITE_RECURSION = YES;
				CLANG_WARN_INT_CONVERSION = YES;
				CLANG_WARN_NON_LITERAL_NULL_CONVERSION = YES;
				CLANG_WARN_OBJC_IMPLICIT_RETAIN_SELF = YES;
				CLANG_WARN_OBJC_LITERAL_CONVERSION = YES;
				CLANG_WARN_OBJC_ROOT_CLASS = YES_ERROR;
				CLANG_WARN_QUOTED_INCLUDE_IN_FRAMEWORK_HEADER = YES;
				CLANG_WARN_RANGE_LOOP_ANALYSIS = YES;
				CLANG_WARN_STRICT_PROTOTYPES = YES;
				CLANG_WARN_SUSPICIOUS_MOVE = YES;
				CLANG_WARN_UNGUARDED_AVAILABILITY = YES_AGGRESSIVE;
				CLANG_WARN_UNREACHABLE_CODE = YES;
				CLANG_WARN__DUPLICATE_METHOD_MATCH = YES;
				COPY_PHASE_STRIP = NO;
				DEBUG_INFORMATION_FORMAT = dwarf;
				ENABLE_STRICT_OBJC_MSGSEND = YES;
				ENABLE_TESTABILITY = YES;
				ENABLE_USER_SCRIPT_SANDBOXING = YES;
				GCC_C_LANGUAGE_STANDARD = gnu17;
				GCC_DYNAMIC_NO_PIC = NO;
				GCC_NO_COMMON_BLOCKS = YES;
				GCC_OPTIMIZATION_LEVEL = 0;
				GCC_PREPROCESSOR_DEFINITIONS = (
					"DEBUG=1",
					"$(inherited)",
				);
				GCC_WARN_64_TO_32_BIT_CONVERSION = YES;
				GCC_WARN_ABOUT_RETURN_TYPE = YES_ERROR;
				GCC_WARN_UNDECLARED_SELECTOR = YES;
				GCC_WARN_UNINITIALIZED_AUTOS = YES_AGGRESSIVE;
				GCC_WARN_UNUSED_FUNCTION = YES;
				GCC_WARN_UNUSED_VARIABLE = YES;
				LOCALIZATION_PREFERS_STRING_CATALOGS = YES;
				MACOSX_DEPLOYMENT_TARGET = 15.2;
				MTL_ENABLE_DEBUG_INFO = INCLUDE_SOURCE;
				MTL_FAST_MATH = YES;
				ONLY_ACTIVE_ARCH = YES;
				OTHER_SWIFT_FLAGS = "";
				SDKROOT = macosx;
				SWIFT_ACTIVE_COMPILATION_CONDITIONS = "DEBUG $(inherited)";
				SWIFT_OPTIMIZATION_LEVEL = "-Onone";
			};
			name = Debug;
		};
		D708F7522D17295F009248DD /* Release */ = {
			isa = XCBuildConfiguration;
			buildSettings = {
				ALWAYS_SEARCH_USER_PATHS = NO;
				ASSETCATALOG_COMPILER_GENERATE_SWIFT_ASSET_SYMBOL_EXTENSIONS = YES;
				CLANG_ANALYZER_NONNULL = YES;
				CLANG_ANALYZER_NUMBER_OBJECT_CONVERSION = YES_AGGRESSIVE;
				CLANG_CXX_LANGUAGE_STANDARD = "gnu++20";
				CLANG_ENABLE_MODULES = YES;
				CLANG_ENABLE_OBJC_ARC = YES;
				CLANG_ENABLE_OBJC_WEAK = YES;
				CLANG_WARN_BLOCK_CAPTURE_AUTORELEASING = YES;
				CLANG_WARN_BOOL_CONVERSION = YES;
				CLANG_WARN_COMMA = YES;
				CLANG_WARN_CONSTANT_CONVERSION = YES;
				CLANG_WARN_DEPRECATED_OBJC_IMPLEMENTATIONS = YES;
				CLANG_WARN_DIRECT_OBJC_ISA_USAGE = YES_ERROR;
				CLANG_WARN_DOCUMENTATION_COMMENTS = YES;
				CLANG_WARN_EMPTY_BODY = YES;
				CLANG_WARN_ENUM_CONVERSION = YES;
				CLANG_WARN_INFINITE_RECURSION = YES;
				CLANG_WARN_INT_CONVERSION = YES;
				CLANG_WARN_NON_LITERAL_NULL_CONVERSION = YES;
				CLANG_WARN_OBJC_IMPLICIT_RETAIN_SELF = YES;
				CLANG_WARN_OBJC_LITERAL_CONVERSION = YES;
				CLANG_WARN_OBJC_ROOT_CLASS = YES_ERROR;
				CLANG_WARN_QUOTED_INCLUDE_IN_FRAMEWORK_HEADER = YES;
				CLANG_WARN_RANGE_LOOP_ANALYSIS = YES;
				CLANG_WARN_STRICT_PROTOTYPES = YES;
				CLANG_WARN_SUSPICIOUS_MOVE = YES;
				CLANG_WARN_UNGUARDED_AVAILABILITY = YES_AGGRESSIVE;
				CLANG_WARN_UNREACHABLE_CODE = YES;
				CLANG_WARN__DUPLICATE_METHOD_MATCH = YES;
				COPY_PHASE_STRIP = NO;
				DEBUG_INFORMATION_FORMAT = "dwarf-with-dsym";
				ENABLE_NS_ASSERTIONS = NO;
				ENABLE_STRICT_OBJC_MSGSEND = YES;
				ENABLE_USER_SCRIPT_SANDBOXING = YES;
				GCC_C_LANGUAGE_STANDARD = gnu17;
				GCC_NO_COMMON_BLOCKS = YES;
				GCC_WARN_64_TO_32_BIT_CONVERSION = YES;
				GCC_WARN_ABOUT_RETURN_TYPE = YES_ERROR;
				GCC_WARN_UNDECLARED_SELECTOR = YES;
				GCC_WARN_UNINITIALIZED_AUTOS = YES_AGGRESSIVE;
				GCC_WARN_UNUSED_FUNCTION = YES;
				GCC_WARN_UNUSED_VARIABLE = YES;
				LOCALIZATION_PREFERS_STRING_CATALOGS = YES;
				MACOSX_DEPLOYMENT_TARGET = 15.2;
				MTL_ENABLE_DEBUG_INFO = NO;
				MTL_FAST_MATH = YES;
				OTHER_SWIFT_FLAGS = "";
				SDKROOT = macosx;
				SWIFT_COMPILATION_MODE = wholemodule;
			};
			name = Release;
		};
		D708F7542D17295F009248DD /* Debug */ = {
			isa = XCBuildConfiguration;
			buildSettings = {
				ASSETCATALOG_COMPILER_APPICON_NAME = AppIcon;
				ASSETCATALOG_COMPILER_GLOBAL_ACCENT_COLOR_NAME = AccentColor;
				ASSETCATALOG_COMPILER_INCLUDE_ALL_APPICON_ASSETS = YES;
				CODE_SIGN_ENTITLEMENTS = Yogurt/Yogurt.entitlements;
				"CODE_SIGN_IDENTITY[sdk=macosx*]" = "Apple Development";
				CODE_SIGN_STYLE = Automatic;
				COMBINE_HIDPI_IMAGES = YES;
				CURRENT_PROJECT_VERSION = 1;
				DEVELOPMENT_ASSET_PATHS = "\"Yogurt/Preview Content\"";
				DEVELOPMENT_TEAM = V2H52V59C2;
				ENABLE_HARDENED_RUNTIME = YES;
				ENABLE_PREVIEWS = YES;
				GENERATE_INFOPLIST_FILE = YES;
				INFOPLIST_FILE = Yogurt/Info.plist;
				INFOPLIST_KEY_LSApplicationCategoryType = "public.app-category.productivity";
				INFOPLIST_KEY_NSHumanReadableCopyright = "";
				INFOPLIST_KEY_NSMicrophoneUsageDescription = "Record audio";
				LD_RUNPATH_SEARCH_PATHS = (
					"$(inherited)",
					"@executable_path/../Frameworks",
				);
				MARKETING_VERSION = 1.0;
				OTHER_SWIFT_FLAGS = "";
				PRODUCT_BUNDLE_IDENTIFIER = com.pr.projects.Yogurt;
				PRODUCT_NAME = "$(TARGET_NAME)";
				SWIFT_EMIT_LOC_STRINGS = YES;
				SWIFT_VERSION = 5.0;
			};
			name = Debug;
		};
		D708F7552D17295F009248DD /* Release */ = {
			isa = XCBuildConfiguration;
			buildSettings = {
				ASSETCATALOG_COMPILER_APPICON_NAME = AppIcon;
				ASSETCATALOG_COMPILER_GLOBAL_ACCENT_COLOR_NAME = AccentColor;
				ASSETCATALOG_COMPILER_INCLUDE_ALL_APPICON_ASSETS = YES;
				CODE_SIGN_ENTITLEMENTS = Yogurt/Yogurt.entitlements;
				"CODE_SIGN_IDENTITY[sdk=macosx*]" = "Apple Development";
				CODE_SIGN_STYLE = Automatic;
				COMBINE_HIDPI_IMAGES = YES;
				CURRENT_PROJECT_VERSION = 1;
				DEVELOPMENT_ASSET_PATHS = "\"Yogurt/Preview Content\"";
				DEVELOPMENT_TEAM = V2H52V59C2;
				ENABLE_HARDENED_RUNTIME = YES;
				ENABLE_PREVIEWS = YES;
				GENERATE_INFOPLIST_FILE = YES;
				INFOPLIST_FILE = Yogurt/Info.plist;
				INFOPLIST_KEY_LSApplicationCategoryType = "public.app-category.productivity";
				INFOPLIST_KEY_NSHumanReadableCopyright = "";
				INFOPLIST_KEY_NSMicrophoneUsageDescription = "Record audio";
				LD_RUNPATH_SEARCH_PATHS = (
					"$(inherited)",
					"@executable_path/../Frameworks",
				);
				MARKETING_VERSION = 1.0;
				OTHER_SWIFT_FLAGS = "";
				PRODUCT_BUNDLE_IDENTIFIER = com.pr.projects.Yogurt;
				PRODUCT_NAME = "$(TARGET_NAME)";
				SWIFT_EMIT_LOC_STRINGS = YES;
				SWIFT_VERSION = 5.0;
			};
			name = Release;
		};
		D708F7572D17295F009248DD /* Debug */ = {
			isa = XCBuildConfiguration;
			buildSettings = {
				BUNDLE_LOADER = "$(TEST_HOST)";
				CODE_SIGN_STYLE = Automatic;
				CURRENT_PROJECT_VERSION = 1;
				GENERATE_INFOPLIST_FILE = YES;
				MACOSX_DEPLOYMENT_TARGET = 15.2;
				MARKETING_VERSION = 1.0;
				PRODUCT_BUNDLE_IDENTIFIER = com.pr.projects.YogurtTests;
				PRODUCT_NAME = "$(TARGET_NAME)";
				SWIFT_EMIT_LOC_STRINGS = NO;
				SWIFT_VERSION = 5.0;
				TEST_HOST = "$(BUILT_PRODUCTS_DIR)/Yogurt.app/$(BUNDLE_EXECUTABLE_FOLDER_PATH)/Yogurt";
			};
			name = Debug;
		};
		D708F7582D17295F009248DD /* Release */ = {
			isa = XCBuildConfiguration;
			buildSettings = {
				BUNDLE_LOADER = "$(TEST_HOST)";
				CODE_SIGN_STYLE = Automatic;
				CURRENT_PROJECT_VERSION = 1;
				GENERATE_INFOPLIST_FILE = YES;
				MACOSX_DEPLOYMENT_TARGET = 15.2;
				MARKETING_VERSION = 1.0;
				PRODUCT_BUNDLE_IDENTIFIER = com.pr.projects.YogurtTests;
				PRODUCT_NAME = "$(TARGET_NAME)";
				SWIFT_EMIT_LOC_STRINGS = NO;
				SWIFT_VERSION = 5.0;
				TEST_HOST = "$(BUILT_PRODUCTS_DIR)/Yogurt.app/$(BUNDLE_EXECUTABLE_FOLDER_PATH)/Yogurt";
			};
			name = Release;
		};
		D708F75A2D17295F009248DD /* Debug */ = {
			isa = XCBuildConfiguration;
			buildSettings = {
				CODE_SIGN_STYLE = Automatic;
				CURRENT_PROJECT_VERSION = 1;
				GENERATE_INFOPLIST_FILE = YES;
				MARKETING_VERSION = 1.0;
				PRODUCT_BUNDLE_IDENTIFIER = com.pr.projects.YogurtUITests;
				PRODUCT_NAME = "$(TARGET_NAME)";
				SWIFT_EMIT_LOC_STRINGS = NO;
				SWIFT_VERSION = 5.0;
				TEST_TARGET_NAME = Yogurt;
			};
			name = Debug;
		};
		D708F75B2D17295F009248DD /* Release */ = {
			isa = XCBuildConfiguration;
			buildSettings = {
				CODE_SIGN_STYLE = Automatic;
				CURRENT_PROJECT_VERSION = 1;
				GENERATE_INFOPLIST_FILE = YES;
				MARKETING_VERSION = 1.0;
				PRODUCT_BUNDLE_IDENTIFIER = com.pr.projects.YogurtUITests;
				PRODUCT_NAME = "$(TARGET_NAME)";
				SWIFT_EMIT_LOC_STRINGS = NO;
				SWIFT_VERSION = 5.0;
				TEST_TARGET_NAME = Yogurt;
			};
			name = Release;
		};
/* End XCBuildConfiguration section */

/* Begin XCConfigurationList section */
		D708F7292D17295C009248DD /* Build configuration list for PBXProject "Yogurt" */ = {
			isa = XCConfigurationList;
			buildConfigurations = (
				D708F7512D17295F009248DD /* Debug */,
				D708F7522D17295F009248DD /* Release */,
			);
			defaultConfigurationIsVisible = 0;
			defaultConfigurationName = Release;
		};
		D708F7532D17295F009248DD /* Build configuration list for PBXNativeTarget "Yogurt" */ = {
			isa = XCConfigurationList;
			buildConfigurations = (
				D708F7542D17295F009248DD /* Debug */,
				D708F7552D17295F009248DD /* Release */,
			);
			defaultConfigurationIsVisible = 0;
			defaultConfigurationName = Release;
		};
		D708F7562D17295F009248DD /* Build configuration list for PBXNativeTarget "YogurtTests" */ = {
			isa = XCConfigurationList;
			buildConfigurations = (
				D708F7572D17295F009248DD /* Debug */,
				D708F7582D17295F009248DD /* Release */,
			);
			defaultConfigurationIsVisible = 0;
			defaultConfigurationName = Release;
		};
		D708F7592D17295F009248DD /* Build configuration list for PBXNativeTarget "YogurtUITests" */ = {
			isa = XCConfigurationList;
			buildConfigurations = (
				D708F75A2D17295F009248DD /* Debug */,
				D708F75B2D17295F009248DD /* Release */,
			);
			defaultConfigurationIsVisible = 0;
			defaultConfigurationName = Release;
		};
/* End XCConfigurationList section */

/* Begin XCRemoteSwiftPackageReference section */
		D7D531562D221F9200C2C0DB /* XCRemoteSwiftPackageReference "SQLite.swift" */ = {
			isa = XCRemoteSwiftPackageReference;
			repositoryURL = "https://github.com/stephencelis/SQLite.swift.git";
			requirement = {
				kind = upToNextMajorVersion;
				minimumVersion = 0.15.3;
			};
		};
		D7D531EA2D29B24300C2C0DB /* XCRemoteSwiftPackageReference "swift-markdown" */ = {
			isa = XCRemoteSwiftPackageReference;
			repositoryURL = "https://github.com/apple/swift-markdown";
			requirement = {
				kind = upToNextMajorVersion;
				minimumVersion = 0.5.0;
			};
		};
/* End XCRemoteSwiftPackageReference section */

/* Begin XCSwiftPackageProductDependency section */
		D7D531572D221F9200C2C0DB /* SQLite */ = {
			isa = XCSwiftPackageProductDependency;
			package = D7D531562D221F9200C2C0DB /* XCRemoteSwiftPackageReference "SQLite.swift" */;
			productName = SQLite;
		};
		D7D531EB2D29B24300C2C0DB /* Markdown */ = {
			isa = XCSwiftPackageProductDependency;
			package = D7D531EA2D29B24300C2C0DB /* XCRemoteSwiftPackageReference "swift-markdown" */;
			productName = Markdown;
		};
/* End XCSwiftPackageProductDependency section */
	};
	rootObject = D708F7262D17295C009248DD /* Project object */;
}
